
Microsoft Visual Studio Solution File, Format Version 12.00
# Visual Studio 14
VisualStudioVersion = 14.0.25420.1
MinimumVisualStudioVersion = 10.0.40219.1
Project("{FAE04EC0-301F-11D3-BF4B-00C04F79EFBC}") = "Aufgabe1", "Aufgabe1\Aufgabe1.csproj", "{18678CE7-9F7E-4A28-97C9-43B7E2111E39}"
EndProject
Project("{FAE04EC0-301F-11D3-BF4B-00C04F79EFBC}") = "Aufgabe2", "Aufgabe2\Aufgabe2.csproj", "{DE533FA8-A7DE-46E8-A728-41F8A292DAB2}"
EndProject
Global
	GlobalSection(SolutionConfigurationPlatforms) = preSolution
		Debug|Any CPU = Debug|Any CPU
		Release|Any CPU = Release|Any CPU
	EndGlobalSection
	GlobalSection(ProjectConfigurationPlatforms) = postSolution
		{18678CE7-9F7E-4A28-97C9-43B7E2111E39}.Debug|Any CPU.ActiveCfg = Debug|Any CPU
		{18678CE7-9F7E-4A28-97C9-43B7E2111E39}.Debug|Any CPU.Build.0 = Debug|Any CPU
		{18678CE7-9F7E-4A28-97C9-43B7E2111E39}.Release|Any CPU.ActiveCfg = Release|Any CPU
		{18678CE7-9F7E-4A28-97C9-43B7E2111E39}.Release|Any CPU.Build.0 = Release|Any CPU
		{DE533FA8-A7DE-46E8-A728-41F8A292DAB2}.Debug|Any CPU.ActiveCfg = Debug|Any CPU
		{DE533FA8-A7DE-46E8-A728-41F8A292DAB2}.Debug|Any CPU.Build.0 = Debug|Any CPU
		{DE533FA8-A7DE-46E8-A728-41F8A292DAB2}.Release|Any CPU.ActiveCfg = Release|Any CPU
		{DE533FA8-A7DE-46E8-A728-41F8A292DAB2}.Release|Any CPU.Build.0 = Release|Any CPU
	EndGlobalSection
	GlobalSection(SolutionProperties) = preSolution
		HideSolutionNode = FALSE
	EndGlobalSection
EndGlobal
